# This file is generated by running "yarn install" inside your project.
# Manual changes might be lost - proceed with caution!

__metadata:
  version: 6
  cacheKey: 8

"@popperjs/core@npm:^2.11.5":
  version: 2.11.5
  resolution: "@popperjs/core@npm:2.11.5"
  checksum: fd7f9dca3fb716d7426332b6ee283f88d2724c0ab342fb678865a640bad403dfb9eeebd8204a406986162f7e2b33394f104320008b74d0e9066d7322f70ea35d
  languageName: node
  linkType: hard

"bootstrap@npm:^5.1.3":
  version: 5.1.3
  resolution: "bootstrap@npm:5.1.3"
  peerDependencies:
    "@popperjs/core": ^2.10.2
  checksum: 301b5ed872efba061104cf22ac93568e3837867fb5527ab9326a51510fb752bd4883e1d488225c8be72f86d9d3a55ef5b166aa7fa62c2fdd077c3f05b65752f8
  languageName: node
  linkType: hard

"root-workspace-0b6124@workspace:.":
  version: 0.0.0-use.local
  resolution: "root-workspace-0b6124@workspace:."
  dependencies:
    "@popperjs/core": ^2.11.5
    bootstrap: ^5.1.3
  languageName: unknown
  linkType: soft
